
Microsoft Visual Studio Solution File, Format Version 12.00
Project("{2150E333-8FDC-42A3-9474-1A3956D46DE8}") = "Lesson1", "Lesson1", "{2E83C09F-8F22-4D4D-895F-98821231E167}"
EndProject
Project("{2150E333-8FDC-42A3-9474-1A3956D46DE8}") = "Homework1", "Homework1", "{493860BD-E023-48D0-8EBB-FB42A52A835C}"
EndProject
Project("{FAE04EC0-301F-11D3-BF4B-00C04F79EFBC}") = "HW1_Task1", "Lesson1\Homework1\HW1_Task1\HW1_Task1.csproj", "{CD221176-EABE-463F-ABCD-FE534D96849D}"
EndProject
Project("{FAE04EC0-301F-11D3-BF4B-00C04F79EFBC}") = "HW1_Task2", "Lesson1\Homework1\HW1_Task2\HW1_Task2.csproj", "{6E825BD3-8F84-4798-A9F8-606220D9A4E4}"
EndProject
Project("{FAE04EC0-301F-11D3-BF4B-00C04F79EFBC}") = "HW1_Task3", "Lesson1\Homework1\HW1_Task3\HW1_Task3.csproj", "{62CE4FB4-C31B-4959-85E8-D1ABC2AD6325}"
EndProject
Project("{FAE04EC0-301F-11D3-BF4B-00C04F79EFBC}") = "HW1_Task4", "Lesson1\Homework1\HW1_Task4\HW1_Task4.csproj", "{A72CB28D-2113-4958-841A-737927335F03}"
EndProject
Project("{2150E333-8FDC-42A3-9474-1A3956D46DE8}") = "Homework2", "Homework2", "{443AD469-EA97-43F2-87F5-88E07239A72C}"
EndProject
Project("{FAE04EC0-301F-11D3-BF4B-00C04F79EFBC}") = "HW2_Task1", "Lesson1\Homework2\HW2_Task1\HW2_Task1.csproj", "{93950E1D-F036-43EF-8F05-72C331D8D2BF}"
EndProject
Project("{FAE04EC0-301F-11D3-BF4B-00C04F79EFBC}") = "HW2_Task2", "Lesson1\Homework2\HW2_Task2\HW2_Task2.csproj", "{894A4262-1188-4DAE-BDF6-D48543859EC3}"
EndProject
Project("{FAE04EC0-301F-11D3-BF4B-00C04F79EFBC}") = "HW2_Task3", "Lesson1\Homework2\HW2_Task3\HW2_Task3.csproj", "{FB76B2BB-A019-4D10-9CC8-65B66801D49D}"
EndProject
Project("{2150E333-8FDC-42A3-9474-1A3956D46DE8}") = "LessonsCode", "LessonsCode", "{3D16A43E-524B-4820-9D92-C69315778CBA}"
EndProject
Project("{FAE04EC0-301F-11D3-BF4B-00C04F79EFBC}") = "HelloWorld", "Lesson1\LessonsCode\HelloWorld\HelloWorld.csproj", "{DF587A9F-4035-4FF2-AC53-972939D92035}"
EndProject
Project("{FAE04EC0-301F-11D3-BF4B-00C04F79EFBC}") = "Comments", "Lesson1\LessonsCode\Comments\Comments.csproj", "{C2888DC1-A6B4-447C-BA9C-02020D20CA80}"
EndProject
Project("{FAE04EC0-301F-11D3-BF4B-00C04F79EFBC}") = "ArithmeticOperations", "Lesson1\LessonsCode\ArithmeticOperations\ArithmeticOperations.csproj", "{BFB3F727-410D-4357-8E6D-F3D16C10B507}"
EndProject
Project("{FAE04EC0-301F-11D3-BF4B-00C04F79EFBC}") = "Variables", "Lesson1\LessonsCode\Variables\Variables.csproj", "{24D03D83-0230-4233-B2E2-43DF950879DE}"
EndProject
Project("{FAE04EC0-301F-11D3-BF4B-00C04F79EFBC}") = "Arrays", "Lesson1\LessonsCode\Arrays\Arrays.csproj", "{412A74A1-636E-4F64-8D2F-784BD1C73D72}"
EndProject
Project("{FAE04EC0-301F-11D3-BF4B-00C04F79EFBC}") = "IfElse", "Lesson1\LessonsCode\IfElse\IfElse.csproj", "{A2254DDE-68CA-40A2-8280-5BE1FBCDDBE0}"
EndProject
Project("{2150E333-8FDC-42A3-9474-1A3956D46DE8}") = "PingPong", "PingPong", "{DC27EFC8-054B-489E-B3EC-B9BCB47FC3D2}"
EndProject
Project("{FAE04EC0-301F-11D3-BF4B-00C04F79EFBC}") = "PingPong_Procedural", "Lesson1\PingPong_Procedural\PingPong_Procedural.csproj", "{9A953FEE-64C5-47BD-8205-52320705BE01}"
EndProject
Project("{FAE04EC0-301F-11D3-BF4B-00C04F79EFBC}") = "PingPong_OOP", "Lesson1\PingPong_OOP\PingPong_OOP.csproj", "{E2A8665C-5547-487E-B407-56D72D6097DA}"
EndProject
Project("{2150E333-8FDC-42A3-9474-1A3956D46DE8}") = "Lesson3", "Lesson3", "{F2026045-5AC6-43E8-BCEE-4EF32F5C80A9}"
EndProject
Project("{2150E333-8FDC-42A3-9474-1A3956D46DE8}") = "Task2", "Task2", "{1269DC27-2BEC-4FC1-BAFD-FA0559ECA057}"
EndProject
Project("{FAE04EC0-301F-11D3-BF4B-00C04F79EFBC}") = "Task2_A", "Lesson3\Task2\Task2_A\Task2_A.csproj", "{CD875137-2463-4EB8-B7FE-4D3F9EC903C3}"
EndProject
Project("{FAE04EC0-301F-11D3-BF4B-00C04F79EFBC}") = "Task2_B", "Lesson3\Task2\Task2_B\Task2_B.csproj", "{7B5B3B58-A9F8-442D-8388-06CCB40F2D0E}"
EndProject
Project("{2150E333-8FDC-42A3-9474-1A3956D46DE8}") = "Task3", "Task3", "{77F8DBA3-1227-4E92-951F-A52E9A25325F}"
EndProject
Project("{FAE04EC0-301F-11D3-BF4B-00C04F79EFBC}") = "Task3_A", "Lesson3\Task3_A\Task3_A.csproj", "{DCCE6680-47D8-4D23-A82B-DA7B7EFF9BB5}"
EndProject
Project("{FAE04EC0-301F-11D3-BF4B-00C04F79EFBC}") = "Task3_B", "Lesson3\Task3_B\Task3_B.csproj", "{70B18077-9BBE-41D5-800F-188936339BBD}"
EndProject
Global
	GlobalSection(SolutionConfigurationPlatforms) = preSolution
		Debug|Any CPU = Debug|Any CPU
		Release|Any CPU = Release|Any CPU
	EndGlobalSection
	GlobalSection(NestedProjects) = preSolution
		{493860BD-E023-48D0-8EBB-FB42A52A835C} = {2E83C09F-8F22-4D4D-895F-98821231E167}
		{CD221176-EABE-463F-ABCD-FE534D96849D} = {493860BD-E023-48D0-8EBB-FB42A52A835C}
		{6E825BD3-8F84-4798-A9F8-606220D9A4E4} = {493860BD-E023-48D0-8EBB-FB42A52A835C}
		{62CE4FB4-C31B-4959-85E8-D1ABC2AD6325} = {493860BD-E023-48D0-8EBB-FB42A52A835C}
		{A72CB28D-2113-4958-841A-737927335F03} = {493860BD-E023-48D0-8EBB-FB42A52A835C}
		{443AD469-EA97-43F2-87F5-88E07239A72C} = {2E83C09F-8F22-4D4D-895F-98821231E167}
		{93950E1D-F036-43EF-8F05-72C331D8D2BF} = {443AD469-EA97-43F2-87F5-88E07239A72C}
		{894A4262-1188-4DAE-BDF6-D48543859EC3} = {443AD469-EA97-43F2-87F5-88E07239A72C}
		{FB76B2BB-A019-4D10-9CC8-65B66801D49D} = {443AD469-EA97-43F2-87F5-88E07239A72C}
		{3D16A43E-524B-4820-9D92-C69315778CBA} = {2E83C09F-8F22-4D4D-895F-98821231E167}
		{DF587A9F-4035-4FF2-AC53-972939D92035} = {3D16A43E-524B-4820-9D92-C69315778CBA}
		{C2888DC1-A6B4-447C-BA9C-02020D20CA80} = {3D16A43E-524B-4820-9D92-C69315778CBA}
		{BFB3F727-410D-4357-8E6D-F3D16C10B507} = {3D16A43E-524B-4820-9D92-C69315778CBA}
		{24D03D83-0230-4233-B2E2-43DF950879DE} = {3D16A43E-524B-4820-9D92-C69315778CBA}
		{412A74A1-636E-4F64-8D2F-784BD1C73D72} = {3D16A43E-524B-4820-9D92-C69315778CBA}
		{A2254DDE-68CA-40A2-8280-5BE1FBCDDBE0} = {3D16A43E-524B-4820-9D92-C69315778CBA}
		{DC27EFC8-054B-489E-B3EC-B9BCB47FC3D2} = {2E83C09F-8F22-4D4D-895F-98821231E167}
		{9A953FEE-64C5-47BD-8205-52320705BE01} = {DC27EFC8-054B-489E-B3EC-B9BCB47FC3D2}
		{E2A8665C-5547-487E-B407-56D72D6097DA} = {DC27EFC8-054B-489E-B3EC-B9BCB47FC3D2}
		{1269DC27-2BEC-4FC1-BAFD-FA0559ECA057} = {F2026045-5AC6-43E8-BCEE-4EF32F5C80A9}
		{CD875137-2463-4EB8-B7FE-4D3F9EC903C3} = {1269DC27-2BEC-4FC1-BAFD-FA0559ECA057}
		{7B5B3B58-A9F8-442D-8388-06CCB40F2D0E} = {1269DC27-2BEC-4FC1-BAFD-FA0559ECA057}
		{77F8DBA3-1227-4E92-951F-A52E9A25325F} = {F2026045-5AC6-43E8-BCEE-4EF32F5C80A9}
		{DCCE6680-47D8-4D23-A82B-DA7B7EFF9BB5} = {77F8DBA3-1227-4E92-951F-A52E9A25325F}
		{70B18077-9BBE-41D5-800F-188936339BBD} = {77F8DBA3-1227-4E92-951F-A52E9A25325F}
	EndGlobalSection
	GlobalSection(ProjectConfigurationPlatforms) = postSolution
		{CD221176-EABE-463F-ABCD-FE534D96849D}.Debug|Any CPU.ActiveCfg = Debug|Any CPU
		{CD221176-EABE-463F-ABCD-FE534D96849D}.Debug|Any CPU.Build.0 = Debug|Any CPU
		{CD221176-EABE-463F-ABCD-FE534D96849D}.Release|Any CPU.ActiveCfg = Release|Any CPU
		{CD221176-EABE-463F-ABCD-FE534D96849D}.Release|Any CPU.Build.0 = Release|Any CPU
		{6E825BD3-8F84-4798-A9F8-606220D9A4E4}.Debug|Any CPU.ActiveCfg = Debug|Any CPU
		{6E825BD3-8F84-4798-A9F8-606220D9A4E4}.Debug|Any CPU.Build.0 = Debug|Any CPU
		{6E825BD3-8F84-4798-A9F8-606220D9A4E4}.Release|Any CPU.ActiveCfg = Release|Any CPU
		{6E825BD3-8F84-4798-A9F8-606220D9A4E4}.Release|Any CPU.Build.0 = Release|Any CPU
		{62CE4FB4-C31B-4959-85E8-D1ABC2AD6325}.Debug|Any CPU.ActiveCfg = Debug|Any CPU
		{62CE4FB4-C31B-4959-85E8-D1ABC2AD6325}.Debug|Any CPU.Build.0 = Debug|Any CPU
		{62CE4FB4-C31B-4959-85E8-D1ABC2AD6325}.Release|Any CPU.ActiveCfg = Release|Any CPU
		{62CE4FB4-C31B-4959-85E8-D1ABC2AD6325}.Release|Any CPU.Build.0 = Release|Any CPU
		{A72CB28D-2113-4958-841A-737927335F03}.Debug|Any CPU.ActiveCfg = Debug|Any CPU
		{A72CB28D-2113-4958-841A-737927335F03}.Debug|Any CPU.Build.0 = Debug|Any CPU
		{A72CB28D-2113-4958-841A-737927335F03}.Release|Any CPU.ActiveCfg = Release|Any CPU
		{A72CB28D-2113-4958-841A-737927335F03}.Release|Any CPU.Build.0 = Release|Any CPU
		{93950E1D-F036-43EF-8F05-72C331D8D2BF}.Debug|Any CPU.ActiveCfg = Debug|Any CPU
		{93950E1D-F036-43EF-8F05-72C331D8D2BF}.Debug|Any CPU.Build.0 = Debug|Any CPU
		{93950E1D-F036-43EF-8F05-72C331D8D2BF}.Release|Any CPU.ActiveCfg = Release|Any CPU
		{93950E1D-F036-43EF-8F05-72C331D8D2BF}.Release|Any CPU.Build.0 = Release|Any CPU
		{894A4262-1188-4DAE-BDF6-D48543859EC3}.Debug|Any CPU.ActiveCfg = Debug|Any CPU
		{894A4262-1188-4DAE-BDF6-D48543859EC3}.Debug|Any CPU.Build.0 = Debug|Any CPU
		{894A4262-1188-4DAE-BDF6-D48543859EC3}.Release|Any CPU.ActiveCfg = Release|Any CPU
		{894A4262-1188-4DAE-BDF6-D48543859EC3}.Release|Any CPU.Build.0 = Release|Any CPU
		{FB76B2BB-A019-4D10-9CC8-65B66801D49D}.Debug|Any CPU.ActiveCfg = Debug|Any CPU
		{FB76B2BB-A019-4D10-9CC8-65B66801D49D}.Debug|Any CPU.Build.0 = Debug|Any CPU
		{FB76B2BB-A019-4D10-9CC8-65B66801D49D}.Release|Any CPU.ActiveCfg = Release|Any CPU
		{FB76B2BB-A019-4D10-9CC8-65B66801D49D}.Release|Any CPU.Build.0 = Release|Any CPU
		{DF587A9F-4035-4FF2-AC53-972939D92035}.Debug|Any CPU.ActiveCfg = Debug|Any CPU
		{DF587A9F-4035-4FF2-AC53-972939D92035}.Debug|Any CPU.Build.0 = Debug|Any CPU
		{DF587A9F-4035-4FF2-AC53-972939D92035}.Release|Any CPU.ActiveCfg = Release|Any CPU
		{DF587A9F-4035-4FF2-AC53-972939D92035}.Release|Any CPU.Build.0 = Release|Any CPU
		{C2888DC1-A6B4-447C-BA9C-02020D20CA80}.Debug|Any CPU.ActiveCfg = Debug|Any CPU
		{C2888DC1-A6B4-447C-BA9C-02020D20CA80}.Debug|Any CPU.Build.0 = Debug|Any CPU
		{C2888DC1-A6B4-447C-BA9C-02020D20CA80}.Release|Any CPU.ActiveCfg = Release|Any CPU
		{C2888DC1-A6B4-447C-BA9C-02020D20CA80}.Release|Any CPU.Build.0 = Release|Any CPU
		{BFB3F727-410D-4357-8E6D-F3D16C10B507}.Debug|Any CPU.ActiveCfg = Debug|Any CPU
		{BFB3F727-410D-4357-8E6D-F3D16C10B507}.Debug|Any CPU.Build.0 = Debug|Any CPU
		{BFB3F727-410D-4357-8E6D-F3D16C10B507}.Release|Any CPU.ActiveCfg = Release|Any CPU
		{BFB3F727-410D-4357-8E6D-F3D16C10B507}.Release|Any CPU.Build.0 = Release|Any CPU
		{24D03D83-0230-4233-B2E2-43DF950879DE}.Debug|Any CPU.ActiveCfg = Debug|Any CPU
		{24D03D83-0230-4233-B2E2-43DF950879DE}.Debug|Any CPU.Build.0 = Debug|Any CPU
		{24D03D83-0230-4233-B2E2-43DF950879DE}.Release|Any CPU.ActiveCfg = Release|Any CPU
		{24D03D83-0230-4233-B2E2-43DF950879DE}.Release|Any CPU.Build.0 = Release|Any CPU
		{412A74A1-636E-4F64-8D2F-784BD1C73D72}.Debug|Any CPU.ActiveCfg = Debug|Any CPU
		{412A74A1-636E-4F64-8D2F-784BD1C73D72}.Debug|Any CPU.Build.0 = Debug|Any CPU
		{412A74A1-636E-4F64-8D2F-784BD1C73D72}.Release|Any CPU.ActiveCfg = Release|Any CPU
		{412A74A1-636E-4F64-8D2F-784BD1C73D72}.Release|Any CPU.Build.0 = Release|Any CPU
		{A2254DDE-68CA-40A2-8280-5BE1FBCDDBE0}.Debug|Any CPU.ActiveCfg = Debug|Any CPU
		{A2254DDE-68CA-40A2-8280-5BE1FBCDDBE0}.Debug|Any CPU.Build.0 = Debug|Any CPU
		{A2254DDE-68CA-40A2-8280-5BE1FBCDDBE0}.Release|Any CPU.ActiveCfg = Release|Any CPU
		{A2254DDE-68CA-40A2-8280-5BE1FBCDDBE0}.Release|Any CPU.Build.0 = Release|Any CPU
		{9A953FEE-64C5-47BD-8205-52320705BE01}.Debug|Any CPU.ActiveCfg = Debug|Any CPU
		{9A953FEE-64C5-47BD-8205-52320705BE01}.Debug|Any CPU.Build.0 = Debug|Any CPU
		{9A953FEE-64C5-47BD-8205-52320705BE01}.Release|Any CPU.ActiveCfg = Release|Any CPU
		{9A953FEE-64C5-47BD-8205-52320705BE01}.Release|Any CPU.Build.0 = Release|Any CPU
		{E2A8665C-5547-487E-B407-56D72D6097DA}.Debug|Any CPU.ActiveCfg = Debug|Any CPU
		{E2A8665C-5547-487E-B407-56D72D6097DA}.Debug|Any CPU.Build.0 = Debug|Any CPU
		{E2A8665C-5547-487E-B407-56D72D6097DA}.Release|Any CPU.ActiveCfg = Release|Any CPU
		{E2A8665C-5547-487E-B407-56D72D6097DA}.Release|Any CPU.Build.0 = Release|Any CPU
		{CD875137-2463-4EB8-B7FE-4D3F9EC903C3}.Debug|Any CPU.ActiveCfg = Debug|Any CPU
		{CD875137-2463-4EB8-B7FE-4D3F9EC903C3}.Debug|Any CPU.Build.0 = Debug|Any CPU
		{CD875137-2463-4EB8-B7FE-4D3F9EC903C3}.Release|Any CPU.ActiveCfg = Release|Any CPU
		{CD875137-2463-4EB8-B7FE-4D3F9EC903C3}.Release|Any CPU.Build.0 = Release|Any CPU
		{7B5B3B58-A9F8-442D-8388-06CCB40F2D0E}.Debug|Any CPU.ActiveCfg = Debug|Any CPU
		{7B5B3B58-A9F8-442D-8388-06CCB40F2D0E}.Debug|Any CPU.Build.0 = Debug|Any CPU
		{7B5B3B58-A9F8-442D-8388-06CCB40F2D0E}.Release|Any CPU.ActiveCfg = Release|Any CPU
		{7B5B3B58-A9F8-442D-8388-06CCB40F2D0E}.Release|Any CPU.Build.0 = Release|Any CPU
		{DCCE6680-47D8-4D23-A82B-DA7B7EFF9BB5}.Debug|Any CPU.ActiveCfg = Debug|Any CPU
		{DCCE6680-47D8-4D23-A82B-DA7B7EFF9BB5}.Debug|Any CPU.Build.0 = Debug|Any CPU
		{DCCE6680-47D8-4D23-A82B-DA7B7EFF9BB5}.Release|Any CPU.ActiveCfg = Release|Any CPU
		{DCCE6680-47D8-4D23-A82B-DA7B7EFF9BB5}.Release|Any CPU.Build.0 = Release|Any CPU
		{70B18077-9BBE-41D5-800F-188936339BBD}.Debug|Any CPU.ActiveCfg = Debug|Any CPU
		{70B18077-9BBE-41D5-800F-188936339BBD}.Debug|Any CPU.Build.0 = Debug|Any CPU
		{70B18077-9BBE-41D5-800F-188936339BBD}.Release|Any CPU.ActiveCfg = Release|Any CPU
		{70B18077-9BBE-41D5-800F-188936339BBD}.Release|Any CPU.Build.0 = Release|Any CPU
	EndGlobalSection
EndGlobal
